
Microsoft Visual Studio Solution File, Format Version 12.00
# Visual Studio Version 17
VisualStudioVersion = 17.12.35527.113
MinimumVisualStudioVersion = 10.0.40219.1
Project("{FAE04EC0-301F-11D3-BF4B-00C04F79EFBC}") = "PodcastClient", "PodcastClient\PodcastClient.csproj", "{517F0BDE-4069-4D67-AEC4-04658250BCF1}"
EndProject
Global
	GlobalSection(SolutionConfigurationPlatforms) = preSolution
		Debug|Any CPU = Debug|Any CPU
		Release|Any CPU = Release|Any CPU
	EndGlobalSection
	GlobalSection(ProjectConfigurationPlatforms) = postSolution
		{517F0BDE-4069-4D67-AEC4-04658250BCF1}.Debug|Any CPU.ActiveCfg = Debug|Any CPU
		{517F0BDE-4069-4D67-AEC4-04658250BCF1}.Debug|Any CPU.Build.0 = Debug|Any CPU
		{517F0BDE-4069-4D67-AEC4-04658250BCF1}.Release|Any CPU.ActiveCfg = Release|Any CPU
		{517F0BDE-4069-4D67-AEC4-04658250BCF1}.Release|Any CPU.Build.0 = Release|Any CPU
	EndGlobalSection
	GlobalSection(SolutionProperties) = preSolution
		HideSolutionNode = FALSE
	EndGlobalSection
	GlobalSection(ExtensibilityGlobals) = postSolution
		SolutionGuid = {36B8383D-87C5-4763-BDCA-ED75B9D32760}
	EndGlobalSection
EndGlobal
